
Microsoft Visual Studio Solution File, Format Version 12.00
# Visual Studio Version 17
VisualStudioVersion = 17.6.33723.286
MinimumVisualStudioVersion = 10.0.40219.1
Project("{FAE04EC0-301F-11D3-BF4B-00C04F79EFBC}") = "School", "School\School.csproj", "{3B1D110B-1076-4299-825B-97007CD5B9AE}"
EndProject
Global
	GlobalSection(SolutionConfigurationPlatforms) = preSolution
		Debug|Any CPU = Debug|Any CPU
		Release|Any CPU = Release|Any CPU
	EndGlobalSection
	GlobalSection(ProjectConfigurationPlatforms) = postSolution
		{3B1D110B-1076-4299-825B-97007CD5B9AE}.Debug|Any CPU.ActiveCfg = Debug|Any CPU
		{3B1D110B-1076-4299-825B-97007CD5B9AE}.Debug|Any CPU.Build.0 = Debug|Any CPU
		{3B1D110B-1076-4299-825B-97007CD5B9AE}.Release|Any CPU.ActiveCfg = Release|Any CPU
		{3B1D110B-1076-4299-825B-97007CD5B9AE}.Release|Any CPU.Build.0 = Release|Any CPU
	EndGlobalSection
	GlobalSection(SolutionProperties) = preSolution
		HideSolutionNode = FALSE
	EndGlobalSection
	GlobalSection(ExtensibilityGlobals) = postSolution
		SolutionGuid = {F7664608-7691-4BC0-85E0-F2BB1BF20DCF}
	EndGlobalSection
EndGlobal
